// !$*UTF8*$!
{
	archiveVersion = 1;
	classes = {
	};
	objectVersion = 46;
	objects = {

/* Begin PBXBuildFile section */
		60E8A9191CA88BC1001B1DB5 /* AppDelegate.swift in Sources */ = {isa = PBXBuildFile; fileRef = 60E8A9181CA88BC1001B1DB5 /* AppDelegate.swift */; };
		60E8A91E1CA88BC1001B1DB5 /* Main.storyboard in Resources */ = {isa = PBXBuildFile; fileRef = 60E8A91C1CA88BC1001B1DB5 /* Main.storyboard */; };
		60E8A9201CA88BC1001B1DB5 /* Assets.xcassets in Resources */ = {isa = PBXBuildFile; fileRef = 60E8A91F1CA88BC1001B1DB5 /* Assets.xcassets */; };
		60E8A9231CA88BC1001B1DB5 /* LaunchScreen.storyboard in Resources */ = {isa = PBXBuildFile; fileRef = 60E8A9211CA88BC1001B1DB5 /* LaunchScreen.storyboard */; };
		60E8A92B1CA88D73001B1DB5 /* CafeTableViewController.swift in Sources */ = {isa = PBXBuildFile; fileRef = 60E8A92A1CA88D73001B1DB5 /* CafeTableViewController.swift */; };
		60E8A92D1CA89322001B1DB5 /* CustomTableViewCell.swift in Sources */ = {isa = PBXBuildFile; fileRef = 60E8A92C1CA89322001B1DB5 /* CustomTableViewCell.swift */; };
/* End PBXBuildFile section */

/* Begin PBXFileReference section */
		60E8A9151CA88BC1001B1DB5 /* cafePin.app */ = {isa = PBXFileReference; explicitFileType = wrapper.application; includeInIndex = 0; path = cafePin.app; sourceTree = BUILT_PRODUCTS_DIR; };
		60E8A9181CA88BC1001B1DB5 /* AppDelegate.swift */ = {isa = PBXFileReference; lastKnownFileType = sourcecode.swift; path = AppDelegate.swift; sourceTree = "<group>"; };
		60E8A91D1CA88BC1001B1DB5 /* Base */ = {isa = PBXFileReference; lastKnownFileType = file.storyboard; name = Base; path = Base.lproj/Main.storyboard; sourceTree = "<group>"; };
		60E8A91F1CA88BC1001B1DB5 /* Assets.xcassets */ = {isa = PBXFileReference; lastKnownFileType = folder.assetcatalog; path = Assets.xcassets; sourceTree = "<group>"; };
		60E8A9221CA88BC1001B1DB5 /* Base */ = {isa = PBXFileReference; lastKnownFileType = file.storyboard; name = Base; path = Base.lproj/LaunchScreen.storyboard; sourceTree = "<group>"; };
		60E8A9241CA88BC1001B1DB5 /* Info.plist */ = {isa = PBXFileReference; lastKnownFileType = text.plist.xml; path = Info.plist; sourceTree = "<group>"; };
		60E8A92A1CA88D73001B1DB5 /* CafeTableViewController.swift */ = {isa = PBXFileReference; fileEncoding = 4; lastKnownFileType = sourcecode.swift; path = CafeTableViewController.swift; sourceTree = "<group>"; };
		60E8A92C1CA89322001B1DB5 /* CustomTableViewCell.swift */ = {isa = PBXFileReference; fileEncoding = 4; lastKnownFileType = sourcecode.swift; path = CustomTableViewCell.swift; sourceTree = "<group>"; };
/* End PBXFileReference section */

/* Begin PBXFrameworksBuildPhase section */
		60E8A9121CA88BC1001B1DB5 /* Frameworks */ = {
			isa = PBXFrameworksBuildPhase;
			buildActionMask = 2147483647;
			files = (
			);
			runOnlyForDeploymentPostprocessing = 0;
		};
/* End PBXFrameworksBuildPhase section */

/* Begin PBXGroup section */
		60E8A90C1CA88BC1001B1DB5 = {
			isa = PBXGroup;
			children = (
				60E8A9171CA88BC1001B1DB5 /* cafePin */,
				60E8A9161CA88BC1001B1DB5 /* Products */,
			);
			sourceTree = "<group>";
		};
		60E8A9161CA88BC1001B1DB5 /* Products */ = {
			isa = PBXGroup;
			children = (
				60E8A9151CA88BC1001B1DB5 /* cafePin.app */,
			);
			name = Products;
			sourceTree = "<group>";
		};
		60E8A9171CA88BC1001B1DB5 /* cafePin */ = {
			isa = PBXGroup;
			children = (
				60E8A9181CA88BC1001B1DB5 /* AppDelegate.swift */,
				60E8A92A1CA88D73001B1DB5 /* CafeTableViewController.swift */,
				60E8A92C1CA89322001B1DB5 /* CustomTableViewCell.swift */,
				60E8A91C1CA88BC1001B1DB5 /* Main.storyboard */,
				60E8A91F1CA88BC1001B1DB5 /* Assets.xcassets */,
				60E8A9211CA88BC1001B1DB5 /* LaunchScreen.storyboard */,
				60E8A9241CA88BC1001B1DB5 /* Info.plist */,
			);
			path = cafePin;
			sourceTree = "<group>";
		};
/* End PBXGroup section */

/* Begin PBXNativeTarget section */
		60E8A9141CA88BC1001B1DB5 /* cafePin */ = {
			isa = PBXNativeTarget;
			buildConfigurationList = 60E8A9271CA88BC1001B1DB5 /* Build configuration list for PBXNativeTarget "cafePin" */;
			buildPhases = (
				60E8A9111CA88BC1001B1DB5 /* Sources */,
				60E8A9121CA88BC1001B1DB5 /* Frameworks */,
				60E8A9131CA88BC1001B1DB5 /* Resources */,
			);
			buildRules = (
			);
			dependencies = (
			);
			name = cafePin;
			productName = cafePin;
			productReference = 60E8A9151CA88BC1001B1DB5 /* cafePin.app */;
			productType = "com.apple.product-type.application";
		};
/* End PBXNativeTarget section */

/* Begin PBXProject section */
		60E8A90D1CA88BC1001B1DB5 /* Project object */ = {
			isa = PBXProject;
			attributes = {
				LastSwiftUpdateCheck = 0730;
				LastUpgradeCheck = 0730;
				ORGANIZATIONNAME = "Satoru Sasozaki";
				TargetAttributes = {
					60E8A9141CA88BC1001B1DB5 = {
						CreatedOnToolsVersion = 7.3;
					};
				};
			};
			buildConfigurationList = 60E8A9101CA88BC1001B1DB5 /* Build configuration list for PBXProject "cafePin" */;
			compatibilityVersion = "Xcode 3.2";
			developmentRegion = English;
			hasScannedForEncodings = 0;
			knownRegions = (
				en,
				Base,
			);
			mainGroup = 60E8A90C1CA88BC1001B1DB5;
			productRefGroup = 60E8A9161CA88BC1001B1DB5 /* Products */;
			projectDirPath = "";
			projectRoot = "";
			targets = (
				60E8A9141CA88BC1001B1DB5 /* cafePin */,
			);
		};
/* End PBXProject section */

/* Begin PBXResourcesBuildPhase section */
		60E8A9131CA88BC1001B1DB5 /* Resources */ = {
			isa = PBXResourcesBuildPhase;
			buildActionMask = 2147483647;
			files = (
				60E8A9231CA88BC1001B1DB5 /* LaunchScreen.storyboard in Resources */,
				60E8A9201CA88BC1001B1DB5 /* Assets.xcassets in Resources */,
				60E8A91E1CA88BC1001B1DB5 /* Main.storyboard in Resources */,
			);
			runOnlyForDeploymentPostprocessing = 0;
		};
/* End PBXResourcesBuildPhase section */

/* Begin PBXSourcesBuildPhase section */
		60E8A9111CA88BC1001B1DB5 /* Sources */ = {
			isa = PBXSourcesBuildPhase;
			buildActionMask = 2147483647;
			files = (
				60E8A92D1CA89322001B1DB5 /* CustomTableViewCell.swift in Sources */,
				60E8A92B1CA88D73001B1DB5 /* CafeTableViewController.swift in Sources */,
				60E8A9191CA88BC1001B1DB5 /* AppDelegate.swift in Sources */,
			);
			runOnlyForDeploymentPostprocessing = 0;
		};
/* End PBXSourcesBuildPhase section */

/* Begin PBXVariantGroup section */
		60E8A91C1CA88BC1001B1DB5 /* Main.storyboard */ = {
			isa = PBXVariantGroup;
			children = (
				60E8A91D1CA88BC1001B1DB5 /* Base */,
			);
			name = Main.storyboard;
			sourceTree = "<group>";
		};
		60E8A9211CA88BC1001B1DB5 /* LaunchScreen.storyboard */ = {
			isa = PBXVariantGroup;
			children = (
				60E8A9221CA88BC1001B1DB5 /* Base */,
			);
			name = LaunchScreen.storyboard;
			sourceTree = "<group>";
		};
/* End PBXVariantGroup section */

/* Begin XCBuildConfiguration section */
		60E8A9251CA88BC1001B1DB5 /* Debug */ = {
			isa = XCBuildConfiguration;
			buildSettings = {
				ALWAYS_SEARCH_USER_PATHS = NO;
				CLANG_ANALYZER_NONNULL = YES;
				CLANG_CXX_LANGUAGE_STANDARD = "gnu++0x";
				CLANG_CXX_LIBRARY = "libc++";
				CLANG_ENABLE_MODULES = YES;
				CLANG_ENABLE_OBJC_ARC = YES;
				CLANG_WARN_BOOL_CONVERSION = YES;
				CLANG_WARN_CONSTANT_CONVERSION = YES;
				CLANG_WARN_DIRECT_OBJC_ISA_USAGE = YES_ERROR;
				CLANG_WARN_EMPTY_BODY = YES;
				CLANG_WARN_ENUM_CONVERSION = YES;
				CLANG_WARN_INT_CONVERSION = YES;
				CLANG_WARN_OBJC_ROOT_CLASS = YES_ERROR;
				CLANG_WARN_UNREACHABLE_CODE = YES;
				CLANG_WARN__DUPLICATE_METHOD_MATCH = YES;
				"CODE_SIGN_IDENTITY[sdk=iphoneos*]" = "iPhone Developer";
				COPY_PHASE_STRIP = NO;
				DEBUG_INFORMATION_FORMAT = dwarf;
				ENABLE_STRICT_OBJC_MSGSEND = YES;
				ENABLE_TESTABILITY = YES;
				GCC_C_LANGUAGE_STANDARD = gnu99;
				GCC_DYNAMIC_NO_PIC = NO;
				GCC_NO_COMMON_BLOCKS = YES;
				GCC_OPTIMIZATION_LEVEL = 0;
				GCC_PREPROCESSOR_DEFINITIONS = (
					"DEBUG=1",
					"$(inherited)",
				);
				GCC_WARN_64_TO_32_BIT_CONVERSION = YES;
				GCC_WARN_ABOUT_RETURN_TYPE = YES_ERROR;
				GCC_WARN_UNDECLARED_SELECTOR = YES;
				GCC_WARN_UNINITIALIZED_AUTOS = YES_AGGRESSIVE;
				GCC_WARN_UNUSED_FUNCTION = YES;
				GCC_WARN_UNUSED_VARIABLE = YES;
				IPHONEOS_DEPLOYMENT_TARGET = 9.3;
				MTL_ENABLE_DEBUG_INFO = YES;
				ONLY_ACTIVE_ARCH = YES;
				SDKROOT = iphoneos;
				SWIFT_OPTIMIZATION_LEVEL = "-Onone";
				TARGETED_DEVICE_FAMILY = "1,2";
			};
			name = Debug;
		};
		60E8A9261CA88BC1001B1DB5 /* Release */ = {
			isa = XCBuildConfiguration;
			buildSettings = {
				ALWAYS_SEARCH_USER_PATHS = NO;
				CLANG_ANALYZER_NONNULL = YES;
				CLANG_CXX_LANGUAGE_STANDARD = "gnu++0x";
				CLANG_CXX_LIBRARY = "libc++";
				CLANG_ENABLE_MODULES = YES;
				CLANG_ENABLE_OBJC_ARC = YES;
				CLANG_WARN_BOOL_CONVERSION = YES;
				CLANG_WARN_CONSTANT_CONVERSION = YES;
				CLANG_WARN_DIRECT_OBJC_ISA_USAGE = YES_ERROR;
				CLANG_WARN_EMPTY_BODY = YES;
				CLANG_WARN_ENUM_CONVERSION = YES;
				CLANG_WARN_INT_CONVERSION = YES;
				CLANG_WARN_OBJC_ROOT_CLASS = YES_ERROR;
				CLANG_WARN_UNREACHABLE_CODE = YES;
				CLANG_WARN__DUPLICATE_METHOD_MATCH = YES;
				"CODE_SIGN_IDENTITY[sdk=iphoneos*]" = "iPhone Developer";
				COPY_PHASE_STRIP = NO;
				DEBUG_INFORMATION_FORMAT = "dwarf-with-dsym";
				ENABLE_NS_ASSERTIONS = NO;
				ENABLE_STRICT_OBJC_MSGSEND = YES;
				GCC_C_LANGUAGE_STANDARD = gnu99;
				GCC_NO_COMMON_BLOCKS = YES;
				GCC_WARN_64_TO_32_BIT_CONVERSION = YES;
				GCC_WARN_ABOUT_RETURN_TYPE = YES_ERROR;
				GCC_WARN_UNDECLARED_SELECTOR = YES;
				GCC_WARN_UNINITIALIZED_AUTOS = YES_AGGRESSIVE;
				GCC_WARN_UNUSED_FUNCTION = YES;
				GCC_WARN_UNUSED_VARIABLE = YES;
				IPHONEOS_DEPLOYMENT_TARGET = 9.3;
				MTL_ENABLE_DEBUG_INFO = NO;
				SDKROOT = iphoneos;
				TARGETED_DEVICE_FAMILY = "1,2";
				VALIDATE_PRODUCT = YES;
			};
			name = Release;
		};
		60E8A9281CA88BC1001B1DB5 /* Debug */ = {
			isa = XCBuildConfiguration;
			buildSettings = {
				ASSETCATALOG_COMPILER_APPICON_NAME = AppIcon;
				INFOPLIST_FILE = cafePin/Info.plist;
				LD_RUNPATH_SEARCH_PATHS = "$(inherited) @executable_path/Frameworks";
				PRODUCT_BUNDLE_IDENTIFIER = com.satorusasozaki.cafePin;
				PRODUCT_NAME = "$(TARGET_NAME)";
			};
			name = Debug;
		};
		60E8A9291CA88BC1001B1DB5 /* Release */ = {
			isa = XCBuildConfiguration;
			buildSettings = {
				ASSETCATALOG_COMPILER_APPICON_NAME = AppIcon;
				INFOPLIST_FILE = cafePin/Info.plist;
				LD_RUNPATH_SEARCH_PATHS = "$(inherited) @executable_path/Frameworks";
				PRODUCT_BUNDLE_IDENTIFIER = com.satorusasozaki.cafePin;
				PRODUCT_NAME = "$(TARGET_NAME)";
			};
			name = Release;
		};
/* End XCBuildConfiguration section */

/* Begin XCConfigurationList section */
		60E8A9101CA88BC1001B1DB5 /* Build configuration list for PBXProject "cafePin" */ = {
			isa = XCConfigurationList;
			buildConfigurations = (
				60E8A9251CA88BC1001B1DB5 /* Debug */,
				60E8A9261CA88BC1001B1DB5 /* Release */,
			);
			defaultConfigurationIsVisible = 0;
			defaultConfigurationName = Release;
		};
		60E8A9271CA88BC1001B1DB5 /* Build configuration list for PBXNativeTarget "cafePin" */ = {
			isa = XCConfigurationList;
			buildConfigurations = (
				60E8A9281CA88BC1001B1DB5 /* Debug */,
				60E8A9291CA88BC1001B1DB5 /* Release */,
			);
			defaultConfigurationIsVisible = 0;
		};
/* End XCConfigurationList section */
	};
	rootObject = 60E8A90D1CA88BC1001B1DB5 /* Project object */;
}
